{
  "pins" : [
    {
      "identity" : "lottie-ios",
      "kind" : "remoteSourceControl",
      "location" : "https://github.com/airbnb/lottie-ios.git",
      "state" : {
        "revision" : "7fe8b6f697ae7db4bf0df270119592cb5d502848",
        "version" : "4.4.1"
      }
    },
    {
      "identity" : "rxswift",
      "kind" : "remoteSourceControl",
      "location" : "https://github.com/ReactiveX/RxSwift.git",
      "state" : {
        "revision" : "b4307ba0b6425c0ba4178e138799946c3da594f8",
        "version" : "6.5.0"
      }
    },
    {
      "identity" : "socket.io-client-swift",
      "kind" : "remoteSourceControl",
      "location" : "https://github.com/Meeting-Doctors/socket.io-client-swift",
      "state" : {
        "revision" : "39b8fe124922961e795de23c5558a31d9a353b70",
        "version" : "17.0.0"
      }
    },
    {
      "identity" : "starscream",
      "kind" : "remoteSourceControl",
      "location" : "https://github.com/daltoniam/Starscream",
      "state" : {
        "revision" : "c6bfd1af48efcc9a9ad203665db12375ba6b145a",
        "version" : "4.0.8"
      }
    },
    {
      "identity" : "vonage-client-sdk-video",
      "kind" : "remoteSourceControl",
      "location" : "https://github.com/opentok/vonage-client-sdk-video",
      "state" : {
        "revision" : "b05e5550209aa2209727a836ac1049dba7310086",
        "version" : "2.27.1"
      }
    }
  ],
  "version" : 2
}
